{
  "requires": true,
  "lockfileVersion": 1,
  "dependencies": {
    "@types/node": {
      "version": "14.17.14",
      "resolved": "https://registry.npmjs.org/@types/node/-/node-14.17.14.tgz",
      "integrity": "sha512-rsAj2u8Xkqfc332iXV12SqIsjVi07H479bOP4q94NAcjzmAvapumEhuVIt53koEf7JFrpjgNKjBga5Pnn/GL8A=="
    },
    "bebop": {
      "version": "2.4.9",
      "resolved": "https://registry.npmjs.org/bebop/-/bebop-2.4.9.tgz",
      "integrity": "sha512-9RvnKK3OSdRwG6eDlz3eRv9SSgkAvrGHuAXHGXQGUimXZq+tuIeVk1ARZRnikP+IiyICh4qz4KTxCO69rhQVuQ==",
      "requires": {
        "@types/node": "^14.14.7"
      }
    }
  }
}
