{
  "requires": true,
  "lockfileVersion": 1,
  "dependencies": {
    "@types/node": {
      "version": "14.17.14",
      "resolved": "https://registry.npmjs.org/@types/node/-/node-14.17.14.tgz",
      "integrity": "sha512-rsAj2u8Xkqfc332iXV12SqIsjVi07H479bOP4q94NAcjzmAvapumEhuVIt53koEf7JFrpjgNKjBga5Pnn/GL8A=="
    },
    "bebop": {
      "version": "2.3.0",
      "resolved": "https://registry.npmjs.org/bebop/-/bebop-2.3.0.tgz",
      "integrity": "sha512-OVVshNH3rlaGZ516XDRlkBy070DwI/r8vw/fXyGOozEWZST6FuOQtMQVDuMmG6CLy1fxY+/rpcpey4780qkSRw==",
      "requires": {
        "@types/node": "^14.14.7"
      }
    }
  }
}
